
Microsoft Visual Studio Solution File, Format Version 12.00
# Visual Studio 15
VisualStudioVersion = 15.0.26228.9
MinimumVisualStudioVersion = 10.0.40219.1
Project("{FAE04EC0-301F-11D3-BF4B-00C04F79EFBC}") = "Confiture", "Confiture\Confiture.csproj", "{4FE15E20-2F9A-4D30-AB44-46563B1EC5A7}"
EndProject
Project("{FAE04EC0-301F-11D3-BF4B-00C04F79EFBC}") = "Miseajour", "Miseajour\Miseajour.csproj", "{EFF78C06-63D9-4A33-99C5-248FF8A567B9}"
EndProject
Project("{FAE04EC0-301F-11D3-BF4B-00C04F79EFBC}") = "Uloc", "Uloc\Uloc.csproj", "{EC08EDCD-095B-4B09-A44A-610121369A87}"
EndProject
Global
	GlobalSection(SolutionConfigurationPlatforms) = preSolution
		Debug|Any CPU = Debug|Any CPU
		Release|Any CPU = Release|Any CPU
	EndGlobalSection
	GlobalSection(ProjectConfigurationPlatforms) = postSolution
		{4FE15E20-2F9A-4D30-AB44-46563B1EC5A7}.Debug|Any CPU.ActiveCfg = Debug|Any CPU
		{4FE15E20-2F9A-4D30-AB44-46563B1EC5A7}.Debug|Any CPU.Build.0 = Debug|Any CPU
		{4FE15E20-2F9A-4D30-AB44-46563B1EC5A7}.Release|Any CPU.ActiveCfg = Release|Any CPU
		{4FE15E20-2F9A-4D30-AB44-46563B1EC5A7}.Release|Any CPU.Build.0 = Release|Any CPU
		{EFF78C06-63D9-4A33-99C5-248FF8A567B9}.Debug|Any CPU.ActiveCfg = Debug|Any CPU
		{EFF78C06-63D9-4A33-99C5-248FF8A567B9}.Debug|Any CPU.Build.0 = Debug|Any CPU
		{EFF78C06-63D9-4A33-99C5-248FF8A567B9}.Release|Any CPU.ActiveCfg = Release|Any CPU
		{EFF78C06-63D9-4A33-99C5-248FF8A567B9}.Release|Any CPU.Build.0 = Release|Any CPU
		{EC08EDCD-095B-4B09-A44A-610121369A87}.Debug|Any CPU.ActiveCfg = Debug|Any CPU
		{EC08EDCD-095B-4B09-A44A-610121369A87}.Debug|Any CPU.Build.0 = Debug|Any CPU
		{EC08EDCD-095B-4B09-A44A-610121369A87}.Release|Any CPU.ActiveCfg = Release|Any CPU
		{EC08EDCD-095B-4B09-A44A-610121369A87}.Release|Any CPU.Build.0 = Release|Any CPU
	EndGlobalSection
	GlobalSection(SolutionProperties) = preSolution
		HideSolutionNode = FALSE
	EndGlobalSection
EndGlobal
